
Microsoft Visual Studio Solution File, Format Version 12.00
# Visual Studio Version 17
VisualStudioVersion = 17.0.31903.59
MinimumVisualStudioVersion = 10.0.40219.1
Project("{2150E333-8FDC-42A3-9474-1A3956D46DE8}") = "EquipmentHubDemo", "EquipmentHubDemo", "{584FDE1C-6697-6978-1EC3-76EE9F941213}"
EndProject
Project("{FAE04EC0-301F-11D3-BF4B-00C04F79EFBC}") = "EquipmentHubDemo", "EquipmentHubDemo\EquipmentHubDemo\EquipmentHubDemo.csproj", "{70DA72AE-870A-442A-AB11-C69420385312}"
EndProject
Project("{FAE04EC0-301F-11D3-BF4B-00C04F79EFBC}") = "EquipmentHubDemo.Client", "EquipmentHubDemo\EquipmentHubDemo.Client\EquipmentHubDemo.Client.csproj", "{1571854C-64A2-4300-845A-0DE066BF0253}"
EndProject
Project("{FAE04EC0-301F-11D3-BF4B-00C04F79EFBC}") = "Agent", "EquipmentHubDemo\Agent\Agent.csproj", "{1DA97A52-43AB-4923-BB50-4C74FDA1BBBB}"
EndProject
Project("{FAE04EC0-301F-11D3-BF4B-00C04F79EFBC}") = "EquipmentHubDemo.Components.Tests", "EquipmentHubDemo\EquipmentHubDemo.Components.Tests\EquipmentHubDemo.Components.Tests.csproj", "{BB3211AA-01E4-449C-A02E-F158D1AD6D1A}"
EndProject
Project("{FAE04EC0-301F-11D3-BF4B-00C04F79EFBC}") = "Agent.Tests", "EquipmentHubDemo\Agent.Tests\Agent.Tests.csproj", "{BC3288A4-D494-4FD2-BEE3-E1B1639030B4}"
EndProject
Global
	GlobalSection(SolutionConfigurationPlatforms) = preSolution
		Debug|Any CPU = Debug|Any CPU
		Debug|x64 = Debug|x64
		Debug|x86 = Debug|x86
		Release|Any CPU = Release|Any CPU
		Release|x64 = Release|x64
		Release|x86 = Release|x86
	EndGlobalSection
	GlobalSection(ProjectConfigurationPlatforms) = postSolution
		{70DA72AE-870A-442A-AB11-C69420385312}.Debug|Any CPU.ActiveCfg = Debug|Any CPU
		{70DA72AE-870A-442A-AB11-C69420385312}.Debug|Any CPU.Build.0 = Debug|Any CPU
		{70DA72AE-870A-442A-AB11-C69420385312}.Debug|x64.ActiveCfg = Debug|Any CPU
		{70DA72AE-870A-442A-AB11-C69420385312}.Debug|x64.Build.0 = Debug|Any CPU
		{70DA72AE-870A-442A-AB11-C69420385312}.Debug|x86.ActiveCfg = Debug|Any CPU
		{70DA72AE-870A-442A-AB11-C69420385312}.Debug|x86.Build.0 = Debug|Any CPU
		{70DA72AE-870A-442A-AB11-C69420385312}.Release|Any CPU.ActiveCfg = Release|Any CPU
		{70DA72AE-870A-442A-AB11-C69420385312}.Release|Any CPU.Build.0 = Release|Any CPU
		{70DA72AE-870A-442A-AB11-C69420385312}.Release|x64.ActiveCfg = Release|Any CPU
		{70DA72AE-870A-442A-AB11-C69420385312}.Release|x64.Build.0 = Release|Any CPU
		{70DA72AE-870A-442A-AB11-C69420385312}.Release|x86.ActiveCfg = Release|Any CPU
		{70DA72AE-870A-442A-AB11-C69420385312}.Release|x86.Build.0 = Release|Any CPU
		{1571854C-64A2-4300-845A-0DE066BF0253}.Debug|Any CPU.ActiveCfg = Debug|Any CPU
		{1571854C-64A2-4300-845A-0DE066BF0253}.Debug|Any CPU.Build.0 = Debug|Any CPU
		{1571854C-64A2-4300-845A-0DE066BF0253}.Debug|x64.ActiveCfg = Debug|Any CPU
		{1571854C-64A2-4300-845A-0DE066BF0253}.Debug|x64.Build.0 = Debug|Any CPU
		{1571854C-64A2-4300-845A-0DE066BF0253}.Debug|x86.ActiveCfg = Debug|Any CPU
		{1571854C-64A2-4300-845A-0DE066BF0253}.Debug|x86.Build.0 = Debug|Any CPU
		{1571854C-64A2-4300-845A-0DE066BF0253}.Release|Any CPU.ActiveCfg = Release|Any CPU
		{1571854C-64A2-4300-845A-0DE066BF0253}.Release|Any CPU.Build.0 = Release|Any CPU
		{1571854C-64A2-4300-845A-0DE066BF0253}.Release|x64.ActiveCfg = Release|Any CPU
		{1571854C-64A2-4300-845A-0DE066BF0253}.Release|x64.Build.0 = Release|Any CPU
		{1571854C-64A2-4300-845A-0DE066BF0253}.Release|x86.ActiveCfg = Release|Any CPU
		{1571854C-64A2-4300-845A-0DE066BF0253}.Release|x86.Build.0 = Release|Any CPU
		{1DA97A52-43AB-4923-BB50-4C74FDA1BBBB}.Debug|Any CPU.ActiveCfg = Debug|Any CPU
		{1DA97A52-43AB-4923-BB50-4C74FDA1BBBB}.Debug|Any CPU.Build.0 = Debug|Any CPU
		{1DA97A52-43AB-4923-BB50-4C74FDA1BBBB}.Debug|x64.ActiveCfg = Debug|Any CPU
		{1DA97A52-43AB-4923-BB50-4C74FDA1BBBB}.Debug|x64.Build.0 = Debug|Any CPU
		{1DA97A52-43AB-4923-BB50-4C74FDA1BBBB}.Debug|x86.ActiveCfg = Debug|Any CPU
		{1DA97A52-43AB-4923-BB50-4C74FDA1BBBB}.Debug|x86.Build.0 = Debug|Any CPU
		{1DA97A52-43AB-4923-BB50-4C74FDA1BBBB}.Release|Any CPU.ActiveCfg = Release|Any CPU
		{1DA97A52-43AB-4923-BB50-4C74FDA1BBBB}.Release|Any CPU.Build.0 = Release|Any CPU
		{1DA97A52-43AB-4923-BB50-4C74FDA1BBBB}.Release|x64.ActiveCfg = Release|Any CPU
		{1DA97A52-43AB-4923-BB50-4C74FDA1BBBB}.Release|x64.Build.0 = Release|Any CPU
		{1DA97A52-43AB-4923-BB50-4C74FDA1BBBB}.Release|x86.ActiveCfg = Release|Any CPU
		{1DA97A52-43AB-4923-BB50-4C74FDA1BBBB}.Release|x86.Build.0 = Release|Any CPU
		{BB3211AA-01E4-449C-A02E-F158D1AD6D1A}.Debug|Any CPU.ActiveCfg = Debug|Any CPU
		{BB3211AA-01E4-449C-A02E-F158D1AD6D1A}.Debug|Any CPU.Build.0 = Debug|Any CPU
		{BB3211AA-01E4-449C-A02E-F158D1AD6D1A}.Debug|x64.ActiveCfg = Debug|Any CPU
		{BB3211AA-01E4-449C-A02E-F158D1AD6D1A}.Debug|x64.Build.0 = Debug|Any CPU
		{BB3211AA-01E4-449C-A02E-F158D1AD6D1A}.Debug|x86.ActiveCfg = Debug|Any CPU
		{BB3211AA-01E4-449C-A02E-F158D1AD6D1A}.Debug|x86.Build.0 = Debug|Any CPU
		{BB3211AA-01E4-449C-A02E-F158D1AD6D1A}.Release|Any CPU.ActiveCfg = Release|Any CPU
		{BB3211AA-01E4-449C-A02E-F158D1AD6D1A}.Release|Any CPU.Build.0 = Release|Any CPU
		{BB3211AA-01E4-449C-A02E-F158D1AD6D1A}.Release|x64.ActiveCfg = Release|Any CPU
		{BB3211AA-01E4-449C-A02E-F158D1AD6D1A}.Release|x64.Build.0 = Release|Any CPU
		{BB3211AA-01E4-449C-A02E-F158D1AD6D1A}.Release|x86.ActiveCfg = Release|Any CPU
		{BB3211AA-01E4-449C-A02E-F158D1AD6D1A}.Release|x86.Build.0 = Release|Any CPU
		{BC3288A4-D494-4FD2-BEE3-E1B1639030B4}.Debug|Any CPU.ActiveCfg = Debug|Any CPU
		{BC3288A4-D494-4FD2-BEE3-E1B1639030B4}.Debug|Any CPU.Build.0 = Debug|Any CPU
		{BC3288A4-D494-4FD2-BEE3-E1B1639030B4}.Debug|x64.ActiveCfg = Debug|Any CPU
		{BC3288A4-D494-4FD2-BEE3-E1B1639030B4}.Debug|x64.Build.0 = Debug|Any CPU
		{BC3288A4-D494-4FD2-BEE3-E1B1639030B4}.Debug|x86.ActiveCfg = Debug|Any CPU
		{BC3288A4-D494-4FD2-BEE3-E1B1639030B4}.Debug|x86.Build.0 = Debug|Any CPU
		{BC3288A4-D494-4FD2-BEE3-E1B1639030B4}.Release|Any CPU.ActiveCfg = Release|Any CPU
		{BC3288A4-D494-4FD2-BEE3-E1B1639030B4}.Release|Any CPU.Build.0 = Release|Any CPU
		{BC3288A4-D494-4FD2-BEE3-E1B1639030B4}.Release|x64.ActiveCfg = Release|Any CPU
		{BC3288A4-D494-4FD2-BEE3-E1B1639030B4}.Release|x64.Build.0 = Release|Any CPU
		{BC3288A4-D494-4FD2-BEE3-E1B1639030B4}.Release|x86.ActiveCfg = Release|Any CPU
		{BC3288A4-D494-4FD2-BEE3-E1B1639030B4}.Release|x86.Build.0 = Release|Any CPU
	EndGlobalSection
	GlobalSection(SolutionProperties) = preSolution
		HideSolutionNode = FALSE
	EndGlobalSection
	GlobalSection(NestedProjects) = preSolution
		{70DA72AE-870A-442A-AB11-C69420385312} = {584FDE1C-6697-6978-1EC3-76EE9F941213}
		{1571854C-64A2-4300-845A-0DE066BF0253} = {584FDE1C-6697-6978-1EC3-76EE9F941213}
		{1DA97A52-43AB-4923-BB50-4C74FDA1BBBB} = {584FDE1C-6697-6978-1EC3-76EE9F941213}
		{BB3211AA-01E4-449C-A02E-F158D1AD6D1A} = {584FDE1C-6697-6978-1EC3-76EE9F941213}
		{BC3288A4-D494-4FD2-BEE3-E1B1639030B4} = {584FDE1C-6697-6978-1EC3-76EE9F941213}
	EndGlobalSection
EndGlobal
